// !$*UTF8*$!
{
	archiveVersion = 1;
	classes = {
	};
	objectVersion = 50;
	objects = {

/* Begin PBXBuildFile section */
		D37ECD7323EBE58F009AD3AB /* AppDelegate.swift in Sources */ = {isa = PBXBuildFile; fileRef = D37ECD7223EBE58F009AD3AB /* AppDelegate.swift */; };
		D37ECD7523EBE58F009AD3AB /* SceneDelegate.swift in Sources */ = {isa = PBXBuildFile; fileRef = D37ECD7423EBE58F009AD3AB /* SceneDelegate.swift */; };
		D37ECD7723EBE58F009AD3AB /* ViewController.swift in Sources */ = {isa = PBXBuildFile; fileRef = D37ECD7623EBE58F009AD3AB /* ViewController.swift */; };
		D37ECD7A23EBE58F009AD3AB /* Main.storyboard in Resources */ = {isa = PBXBuildFile; fileRef = D37ECD7823EBE58F009AD3AB /* Main.storyboard */; };
		D37ECD7C23EBE593009AD3AB /* Assets.xcassets in Resources */ = {isa = PBXBuildFile; fileRef = D37ECD7B23EBE593009AD3AB /* Assets.xcassets */; };
		D37ECD7F23EBE593009AD3AB /* LaunchScreen.storyboard in Resources */ = {isa = PBXBuildFile; fileRef = D37ECD7D23EBE593009AD3AB /* LaunchScreen.storyboard */; };
/* End PBXBuildFile section */

/* Begin PBXFileReference section */
		D37ECD6F23EBE58F009AD3AB /* AnitnoLabs Assignment.app */ = {isa = PBXFileReference; explicitFileType = wrapper.application; includeInIndex = 0; path = "AnitnoLabs Assignment.app"; sourceTree = BUILT_PRODUCTS_DIR; };
		D37ECD7223EBE58F009AD3AB /* AppDelegate.swift */ = {isa = PBXFileReference; lastKnownFileType = sourcecode.swift; path = AppDelegate.swift; sourceTree = "<group>"; };
		D37ECD7423EBE58F009AD3AB /* SceneDelegate.swift */ = {isa = PBXFileReference; lastKnownFileType = sourcecode.swift; path = SceneDelegate.swift; sourceTree = "<group>"; };
		D37ECD7623EBE58F009AD3AB /* ViewController.swift */ = {isa = PBXFileReference; lastKnownFileType = sourcecode.swift; path = ViewController.swift; sourceTree = "<group>"; };
		D37ECD7923EBE58F009AD3AB /* Base */ = {isa = PBXFileReference; lastKnownFileType = file.storyboard; name = Base; path = Base.lproj/Main.storyboard; sourceTree = "<group>"; };
		D37ECD7B23EBE593009AD3AB /* Assets.xcassets */ = {isa = PBXFileReference; lastKnownFileType = folder.assetcatalog; path = Assets.xcassets; sourceTree = "<group>"; };
		D37ECD7E23EBE593009AD3AB /* Base */ = {isa = PBXFileReference; lastKnownFileType = file.storyboard; name = Base; path = Base.lproj/LaunchScreen.storyboard; sourceTree = "<group>"; };
		D37ECD8023EBE593009AD3AB /* Info.plist */ = {isa = PBXFileReference; lastKnownFileType = text.plist.xml; path = Info.plist; sourceTree = "<group>"; };
/* End PBXFileReference section */

/* Begin PBXFrameworksBuildPhase section */
		D37ECD6C23EBE58F009AD3AB /* Frameworks */ = {
			isa = PBXFrameworksBuildPhase;
			buildActionMask = 2147483647;
			files = (
			);
			runOnlyForDeploymentPostprocessing = 0;
		};
/* End PBXFrameworksBuildPhase section */

/* Begin PBXGroup section */
		D37ECD6623EBE58F009AD3AB = {
			isa = PBXGroup;
			children = (
				D37ECD7123EBE58F009AD3AB /* AnitnoLabs Assignment */,
				D37ECD7023EBE58F009AD3AB /* Products */,
			);
			sourceTree = "<group>";
		};
		D37ECD7023EBE58F009AD3AB /* Products */ = {
			isa = PBXGroup;
			children = (
				D37ECD6F23EBE58F009AD3AB /* AnitnoLabs Assignment.app */,
			);
			name = Products;
			sourceTree = "<group>";
		};
		D37ECD7123EBE58F009AD3AB /* AnitnoLabs Assignment */ = {
			isa = PBXGroup;
			children = (
				D37ECD7223EBE58F009AD3AB /* AppDelegate.swift */,
				D37ECD7423EBE58F009AD3AB /* SceneDelegate.swift */,
				D37ECD7623EBE58F009AD3AB /* ViewController.swift */,
				D37ECD7823EBE58F009AD3AB /* Main.storyboard */,
				D37ECD7B23EBE593009AD3AB /* Assets.xcassets */,
				D37ECD7D23EBE593009AD3AB /* LaunchScreen.storyboard */,
				D37ECD8023EBE593009AD3AB /* Info.plist */,
			);
			path = "AnitnoLabs Assignment";
			sourceTree = "<group>";
		};
/* End PBXGroup section */

/* Begin PBXNativeTarget section */
		D37ECD6E23EBE58F009AD3AB /* AnitnoLabs Assignment */ = {
			isa = PBXNativeTarget;
			buildConfigurationList = D37ECD8323EBE593009AD3AB /* Build configuration list for PBXNativeTarget "AnitnoLabs Assignment" */;
			buildPhases = (
				D37ECD6B23EBE58F009AD3AB /* Sources */,
				D37ECD6C23EBE58F009AD3AB /* Frameworks */,
				D37ECD6D23EBE58F009AD3AB /* Resources */,
			);
			buildRules = (
			);
			dependencies = (
			);
			name = "AnitnoLabs Assignment";
			productName = "AnitnoLabs Assignment";
			productReference = D37ECD6F23EBE58F009AD3AB /* AnitnoLabs Assignment.app */;
			productType = "com.apple.product-type.application";
		};
/* End PBXNativeTarget section */

/* Begin PBXProject section */
		D37ECD6723EBE58F009AD3AB /* Project object */ = {
			isa = PBXProject;
			attributes = {
				LastSwiftUpdateCheck = 1130;
				LastUpgradeCheck = 1130;
				ORGANIZATIONNAME = "Shekhar Chaudhary";
				TargetAttributes = {
					D37ECD6E23EBE58F009AD3AB = {
						CreatedOnToolsVersion = 11.3.1;
					};
				};
			};
			buildConfigurationList = D37ECD6A23EBE58F009AD3AB /* Build configuration list for PBXProject "AnitnoLabs Assignment" */;
			compatibilityVersion = "Xcode 9.3";
			developmentRegion = en;
			hasScannedForEncodings = 0;
			knownRegions = (
				en,
				Base,
			);
			mainGroup = D37ECD6623EBE58F009AD3AB;
			productRefGroup = D37ECD7023EBE58F009AD3AB /* Products */;
			projectDirPath = "";
			projectRoot = "";
			targets = (
				D37ECD6E23EBE58F009AD3AB /* AnitnoLabs Assignment */,
			);
		};
/* End PBXProject section */

/* Begin PBXResourcesBuildPhase section */
		D37ECD6D23EBE58F009AD3AB /* Resources */ = {
			isa = PBXResourcesBuildPhase;
			buildActionMask = 2147483647;
			files = (
				D37ECD7F23EBE593009AD3AB /* LaunchScreen.storyboard in Resources */,
				D37ECD7C23EBE593009AD3AB /* Assets.xcassets in Resources */,
				D37ECD7A23EBE58F009AD3AB /* Main.storyboard in Resources */,
			);
			runOnlyForDeploymentPostprocessing = 0;
		};
/* End PBXResourcesBuildPhase section */

/* Begin PBXSourcesBuildPhase section */
		D37ECD6B23EBE58F009AD3AB /* Sources */ = {
			isa = PBXSourcesBuildPhase;
			buildActionMask = 2147483647;
			files = (
				D37ECD7723EBE58F009AD3AB /* ViewController.swift in Sources */,
				D37ECD7323EBE58F009AD3AB /* AppDelegate.swift in Sources */,
				D37ECD7523EBE58F009AD3AB /* SceneDelegate.swift in Sources */,
			);
			runOnlyForDeploymentPostprocessing = 0;
		};
/* End PBXSourcesBuildPhase section */

/* Begin PBXVariantGroup section */
		D37ECD7823EBE58F009AD3AB /* Main.storyboard */ = {
			isa = PBXVariantGroup;
			children = (
				D37ECD7923EBE58F009AD3AB /* Base */,
			);
			name = Main.storyboard;
			sourceTree = "<group>";
		};
		D37ECD7D23EBE593009AD3AB /* LaunchScreen.storyboard */ = {
			isa = PBXVariantGroup;
			children = (
				D37ECD7E23EBE593009AD3AB /* Base */,
			);
			name = LaunchScreen.storyboard;
			sourceTree = "<group>";
		};
/* End PBXVariantGroup section */

/* Begin XCBuildConfiguration section */
		D37ECD8123EBE593009AD3AB /* Debug */ = {
			isa = XCBuildConfiguration;
			buildSettings = {
				ALWAYS_SEARCH_USER_PATHS = NO;
				CLANG_ANALYZER_NONNULL = YES;
				CLANG_ANALYZER_NUMBER_OBJECT_CONVERSION = YES_AGGRESSIVE;
				CLANG_CXX_LANGUAGE_STANDARD = "gnu++14";
				CLANG_CXX_LIBRARY = "libc++";
				CLANG_ENABLE_MODULES = YES;
				CLANG_ENABLE_OBJC_ARC = YES;
				CLANG_ENABLE_OBJC_WEAK = YES;
				CLANG_WARN_BLOCK_CAPTURE_AUTORELEASING = YES;
				CLANG_WARN_BOOL_CONVERSION = YES;
				CLANG_WARN_COMMA = YES;
				CLANG_WARN_CONSTANT_CONVERSION = YES;
				CLANG_WARN_DEPRECATED_OBJC_IMPLEMENTATIONS = YES;
				CLANG_WARN_DIRECT_OBJC_ISA_USAGE = YES_ERROR;
				CLANG_WARN_DOCUMENTATION_COMMENTS = YES;
				CLANG_WARN_EMPTY_BODY = YES;
				CLANG_WARN_ENUM_CONVERSION = YES;
				CLANG_WARN_INFINITE_RECURSION = YES;
				CLANG_WARN_INT_CONVERSION = YES;
				CLANG_WARN_NON_LITERAL_NULL_CONVERSION = YES;
				CLANG_WARN_OBJC_IMPLICIT_RETAIN_SELF = YES;
				CLANG_WARN_OBJC_LITERAL_CONVERSION = YES;
				CLANG_WARN_OBJC_ROOT_CLASS = YES_ERROR;
				CLANG_WARN_RANGE_LOOP_ANALYSIS = YES;
				CLANG_WARN_STRICT_PROTOTYPES = YES;
				CLANG_WARN_SUSPICIOUS_MOVE = YES;
				CLANG_WARN_UNGUARDED_AVAILABILITY = YES_AGGRESSIVE;
				CLANG_WARN_UNREACHABLE_CODE = YES;
				CLANG_WARN__DUPLICATE_METHOD_MATCH = YES;
				COPY_PHASE_STRIP = NO;
				DEBUG_INFORMATION_FORMAT = dwarf;
				ENABLE_STRICT_OBJC_MSGSEND = YES;
				ENABLE_TESTABILITY = YES;
				GCC_C_LANGUAGE_STANDARD = gnu11;
				GCC_DYNAMIC_NO_PIC = NO;
				GCC_NO_COMMON_BLOCKS = YES;
				GCC_OPTIMIZATION_LEVEL = 0;
				GCC_PREPROCESSOR_DEFINITIONS = (
					"DEBUG=1",
					"$(inherited)",
				);
				GCC_WARN_64_TO_32_BIT_CONVERSION = YES;
				GCC_WARN_ABOUT_RETURN_TYPE = YES_ERROR;
				GCC_WARN_UNDECLARED_SELECTOR = YES;
				GCC_WARN_UNINITIALIZED_AUTOS = YES_AGGRESSIVE;
				GCC_WARN_UNUSED_FUNCTION = YES;
				GCC_WARN_UNUSED_VARIABLE = YES;
				IPHONEOS_DEPLOYMENT_TARGET = 13.2;
				MTL_ENABLE_DEBUG_INFO = INCLUDE_SOURCE;
				MTL_FAST_MATH = YES;
				ONLY_ACTIVE_ARCH = YES;
				SDKROOT = iphoneos;
				SWIFT_ACTIVE_COMPILATION_CONDITIONS = DEBUG;
				SWIFT_OPTIMIZATION_LEVEL = "-Onone";
			};
			name = Debug;
		};
		D37ECD8223EBE593009AD3AB /* Release */ = {
			isa = XCBuildConfiguration;
			buildSettings = {
				ALWAYS_SEARCH_USER_PATHS = NO;
				CLANG_ANALYZER_NONNULL = YES;
				CLANG_ANALYZER_NUMBER_OBJECT_CONVERSION = YES_AGGRESSIVE;
				CLANG_CXX_LANGUAGE_STANDARD = "gnu++14";
				CLANG_CXX_LIBRARY = "libc++";
				CLANG_ENABLE_MODULES = YES;
				CLANG_ENABLE_OBJC_ARC = YES;
				CLANG_ENABLE_OBJC_WEAK = YES;
				CLANG_WARN_BLOCK_CAPTURE_AUTORELEASING = YES;
				CLANG_WARN_BOOL_CONVERSION = YES;
				CLANG_WARN_COMMA = YES;
				CLANG_WARN_CONSTANT_CONVERSION = YES;
				CLANG_WARN_DEPRECATED_OBJC_IMPLEMENTATIONS = YES;
				CLANG_WARN_DIRECT_OBJC_ISA_USAGE = YES_ERROR;
				CLANG_WARN_DOCUMENTATION_COMMENTS = YES;
				CLANG_WARN_EMPTY_BODY = YES;
				CLANG_WARN_ENUM_CONVERSION = YES;
				CLANG_WARN_INFINITE_RECURSION = YES;
				CLANG_WARN_INT_CONVERSION = YES;
				CLANG_WARN_NON_LITERAL_NULL_CONVERSION = YES;
				CLANG_WARN_OBJC_IMPLICIT_RETAIN_SELF = YES;
				CLANG_WARN_OBJC_LITERAL_CONVERSION = YES;
				CLANG_WARN_OBJC_ROOT_CLASS = YES_ERROR;
				CLANG_WARN_RANGE_LOOP_ANALYSIS = YES;
				CLANG_WARN_STRICT_PROTOTYPES = YES;
				CLANG_WARN_SUSPICIOUS_MOVE = YES;
				CLANG_WARN_UNGUARDED_AVAILABILITY = YES_AGGRESSIVE;
				CLANG_WARN_UNREACHABLE_CODE = YES;
				CLANG_WARN__DUPLICATE_METHOD_MATCH = YES;
				COPY_PHASE_STRIP = NO;
				DEBUG_INFORMATION_FORMAT = "dwarf-with-dsym";
				ENABLE_NS_ASSERTIONS = NO;
				ENABLE_STRICT_OBJC_MSGSEND = YES;
				GCC_C_LANGUAGE_STANDARD = gnu11;
				GCC_NO_COMMON_BLOCKS = YES;
				GCC_WARN_64_TO_32_BIT_CONVERSION = YES;
				GCC_WARN_ABOUT_RETURN_TYPE = YES_ERROR;
				GCC_WARN_UNDECLARED_SELECTOR = YES;
				GCC_WARN_UNINITIALIZED_AUTOS = YES_AGGRESSIVE;
				GCC_WARN_UNUSED_FUNCTION = YES;
				GCC_WARN_UNUSED_VARIABLE = YES;
				IPHONEOS_DEPLOYMENT_TARGET = 13.2;
				MTL_ENABLE_DEBUG_INFO = NO;
				MTL_FAST_MATH = YES;
				SDKROOT = iphoneos;
				SWIFT_COMPILATION_MODE = wholemodule;
				SWIFT_OPTIMIZATION_LEVEL = "-O";
				VALIDATE_PRODUCT = YES;
			};
			name = Release;
		};
		D37ECD8423EBE593009AD3AB /* Debug */ = {
			isa = XCBuildConfiguration;
			buildSettings = {
				ASSETCATALOG_COMPILER_APPICON_NAME = AppIcon;
				CODE_SIGN_STYLE = Automatic;
				DEVELOPMENT_TEAM = JB76U77KZ8;
				INFOPLIST_FILE = "AnitnoLabs Assignment/Info.plist";
				LD_RUNPATH_SEARCH_PATHS = (
					"$(inherited)",
					"@executable_path/Frameworks",
				);
				PRODUCT_BUNDLE_IDENTIFIER = "com.shekhar.AnitnoLabs-Assignment";
				PRODUCT_NAME = "$(TARGET_NAME)";
				SWIFT_VERSION = 5.0;
				TARGETED_DEVICE_FAMILY = "1,2";
			};
			name = Debug;
		};
		D37ECD8523EBE593009AD3AB /* Release */ = {
			isa = XCBuildConfiguration;
			buildSettings = {
				ASSETCATALOG_COMPILER_APPICON_NAME = AppIcon;
				CODE_SIGN_STYLE = Automatic;
				DEVELOPMENT_TEAM = JB76U77KZ8;
				INFOPLIST_FILE = "AnitnoLabs Assignment/Info.plist";
				LD_RUNPATH_SEARCH_PATHS = (
					"$(inherited)",
					"@executable_path/Frameworks",
				);
				PRODUCT_BUNDLE_IDENTIFIER = "com.shekhar.AnitnoLabs-Assignment";
				PRODUCT_NAME = "$(TARGET_NAME)";
				SWIFT_VERSION = 5.0;
				TARGETED_DEVICE_FAMILY = "1,2";
			};
			name = Release;
		};
/* End XCBuildConfiguration section */

/* Begin XCConfigurationList section */
		D37ECD6A23EBE58F009AD3AB /* Build configuration list for PBXProject "AnitnoLabs Assignment" */ = {
			isa = XCConfigurationList;
			buildConfigurations = (
				D37ECD8123EBE593009AD3AB /* Debug */,
				D37ECD8223EBE593009AD3AB /* Release */,
			);
			defaultConfigurationIsVisible = 0;
			defaultConfigurationName = Release;
		};
		D37ECD8323EBE593009AD3AB /* Build configuration list for PBXNativeTarget "AnitnoLabs Assignment" */ = {
			isa = XCConfigurationList;
			buildConfigurations = (
				D37ECD8423EBE593009AD3AB /* Debug */,
				D37ECD8523EBE593009AD3AB /* Release */,
			);
			defaultConfigurationIsVisible = 0;
			defaultConfigurationName = Release;
		};
/* End XCConfigurationList section */
	};
	rootObject = D37ECD6723EBE58F009AD3AB /* Project object */;
}
